
Microsoft Visual Studio Solution File, Format Version 12.00
# Visual Studio Version 17
VisualStudioVersion = 17.9.34607.119
MinimumVisualStudioVersion = 10.0.40219.1
Project("{FAE04EC0-301F-11D3-BF4B-00C04F79EFBC}") = "FactoryAndAbstractFactory", "FactoryAndAbstractFactory.csproj", "{9BFE37F0-AC36-4C2C-A32B-CB9E0E85B0B1}"
EndProject
Global
	GlobalSection(SolutionConfigurationPlatforms) = preSolution
		Debug|Any CPU = Debug|Any CPU
		Release|Any CPU = Release|Any CPU
	EndGlobalSection
	GlobalSection(ProjectConfigurationPlatforms) = postSolution
		{9BFE37F0-AC36-4C2C-A32B-CB9E0E85B0B1}.Debug|Any CPU.ActiveCfg = Debug|Any CPU
		{9BFE37F0-AC36-4C2C-A32B-CB9E0E85B0B1}.Debug|Any CPU.Build.0 = Debug|Any CPU
		{9BFE37F0-AC36-4C2C-A32B-CB9E0E85B0B1}.Release|Any CPU.ActiveCfg = Release|Any CPU
		{9BFE37F0-AC36-4C2C-A32B-CB9E0E85B0B1}.Release|Any CPU.Build.0 = Release|Any CPU
	EndGlobalSection
	GlobalSection(SolutionProperties) = preSolution
		HideSolutionNode = FALSE
	EndGlobalSection
	GlobalSection(ExtensibilityGlobals) = postSolution
		SolutionGuid = {836003A1-2FC1-46F0-8E88-FB53E33C02A6}
	EndGlobalSection
EndGlobal
